
Microsoft Visual Studio Solution File, Format Version 12.00
# Visual Studio Version 17
VisualStudioVersion = 17.2.32630.192
MinimumVisualStudioVersion = 10.0.40219.1
Project("{9A19103F-16F7-4668-BE54-9A1E7A4F7556}") = "R5T.F0104.Construction", "R5T.F0104.Construction\R5T.F0104.Construction.csproj", "{05482AFD-6896-46DF-A1A2-C98E6CC69DA3}"
EndProject
Project("{9A19103F-16F7-4668-BE54-9A1E7A4F7556}") = "R5T.F0104", "R5T.F0104\R5T.F0104.csproj", "{7C6AF19E-7812-4C1C-9B11-F1D923680A74}"
EndProject
Project("{2150E333-8FDC-42A3-9474-1A3956D46DE8}") = "_Dependencies", "_Dependencies", "{EAFA0BDA-76DC-49DC-9541-A79DE743ECCA}"
EndProject
Project("{9A19103F-16F7-4668-BE54-9A1E7A4F7556}") = "R5T.T0132", "..\..\R5T.T0132\source\R5T.T0132\R5T.T0132.csproj", "{AD39F246-300C-4546-9ABE-D6E9640F22E6}"
EndProject
Project("{9A19103F-16F7-4668-BE54-9A1E7A4F7556}") = "R5T.T0143", "..\..\R5T.T0143\source\R5T.T0143\R5T.T0143.csproj", "{81FA823C-C451-4B25-ABEA-5CA3268BD8B6}"
EndProject
Global
	GlobalSection(NestedProjects) = preSolution
		{AD39F246-300C-4546-9ABE-D6E9640F22E6} = {EAFA0BDA-76DC-49DC-9541-A79DE743ECCA}
		{81FA823C-C451-4B25-ABEA-5CA3268BD8B6} = {EAFA0BDA-76DC-49DC-9541-A79DE743ECCA}
	EndGlobalSection
	GlobalSection(SolutionConfigurationPlatforms) = preSolution
		Debug|Any CPU = Debug|Any CPU
		Release|Any CPU = Release|Any CPU
	EndGlobalSection
	GlobalSection(ProjectConfigurationPlatforms) = postSolution
		{05482AFD-6896-46DF-A1A2-C98E6CC69DA3}.Debug|Any CPU.ActiveCfg = Debug|Any CPU
		{05482AFD-6896-46DF-A1A2-C98E6CC69DA3}.Debug|Any CPU.Build.0 = Debug|Any CPU
		{05482AFD-6896-46DF-A1A2-C98E6CC69DA3}.Release|Any CPU.ActiveCfg = Release|Any CPU
		{05482AFD-6896-46DF-A1A2-C98E6CC69DA3}.Release|Any CPU.Build.0 = Release|Any CPU
		{7C6AF19E-7812-4C1C-9B11-F1D923680A74}.Debug|Any CPU.ActiveCfg = Debug|Any CPU
		{7C6AF19E-7812-4C1C-9B11-F1D923680A74}.Debug|Any CPU.Build.0 = Debug|Any CPU
		{7C6AF19E-7812-4C1C-9B11-F1D923680A74}.Release|Any CPU.ActiveCfg = Release|Any CPU
		{7C6AF19E-7812-4C1C-9B11-F1D923680A74}.Release|Any CPU.Build.0 = Release|Any CPU
		{AD39F246-300C-4546-9ABE-D6E9640F22E6}.Debug|Any CPU.ActiveCfg = Debug|Any CPU
		{AD39F246-300C-4546-9ABE-D6E9640F22E6}.Debug|Any CPU.Build.0 = Debug|Any CPU
		{AD39F246-300C-4546-9ABE-D6E9640F22E6}.Release|Any CPU.ActiveCfg = Release|Any CPU
		{AD39F246-300C-4546-9ABE-D6E9640F22E6}.Release|Any CPU.Build.0 = Release|Any CPU
		{81FA823C-C451-4B25-ABEA-5CA3268BD8B6}.Debug|Any CPU.ActiveCfg = Debug|Any CPU
		{81FA823C-C451-4B25-ABEA-5CA3268BD8B6}.Debug|Any CPU.Build.0 = Debug|Any CPU
		{81FA823C-C451-4B25-ABEA-5CA3268BD8B6}.Release|Any CPU.ActiveCfg = Release|Any CPU
		{81FA823C-C451-4B25-ABEA-5CA3268BD8B6}.Release|Any CPU.Build.0 = Release|Any CPU
	EndGlobalSection
	GlobalSection(SolutionProperties) = preSolution
		HideSolutionNode = FALSE
	EndGlobalSection
	GlobalSection(ExtensibilityGlobals) = postSolution
		SolutionGuid = {1EC7DFBC-A82D-4D8C-817B-0DACFF0697C5}
	EndGlobalSection
EndGlobal
