
Microsoft Visual Studio Solution File, Format Version 12.00
# Visual Studio Version 17
VisualStudioVersion = 17.2.32630.192
MinimumVisualStudioVersion = 10.0.40219.1
Project("{9A19103F-16F7-4668-BE54-9A1E7A4F7556}") = "R5T.F0104", "R5T.F0104\R5T.F0104.csproj", "{BD13EB69-4383-4E48-A7B6-60BAAD6F7336}"
EndProject
Global
	GlobalSection(SolutionConfigurationPlatforms) = preSolution
		Debug|Any CPU = Debug|Any CPU
		Release|Any CPU = Release|Any CPU
	EndGlobalSection
	GlobalSection(ProjectConfigurationPlatforms) = postSolution
		{BD13EB69-4383-4E48-A7B6-60BAAD6F7336}.Debug|Any CPU.ActiveCfg = Debug|Any CPU
		{BD13EB69-4383-4E48-A7B6-60BAAD6F7336}.Debug|Any CPU.Build.0 = Debug|Any CPU
		{BD13EB69-4383-4E48-A7B6-60BAAD6F7336}.Release|Any CPU.ActiveCfg = Release|Any CPU
		{BD13EB69-4383-4E48-A7B6-60BAAD6F7336}.Release|Any CPU.Build.0 = Release|Any CPU
	EndGlobalSection
	GlobalSection(SolutionProperties) = preSolution
		HideSolutionNode = FALSE
	EndGlobalSection
	GlobalSection(ExtensibilityGlobals) = postSolution
		SolutionGuid = {914A71A2-F1D3-43AC-9EFE-261629396B93}
	EndGlobalSection
EndGlobal
