
Microsoft Visual Studio Solution File, Format Version 12.00
# Visual Studio Version 17
VisualStudioVersion = 17.2.32630.192
MinimumVisualStudioVersion = 10.0.40219.1
Project("{9A19103F-16F7-4668-BE54-9A1E7A4F7556}") = "R5T.F0104.Construction", "R5T.F0104.Construction\R5T.F0104.Construction.csproj", "{05482AFD-6896-46DF-A1A2-C98E6CC69DA3}"
EndProject
Project("{9A19103F-16F7-4668-BE54-9A1E7A4F7556}") = "R5T.F0104", "R5T.F0104\R5T.F0104.csproj", "{7C6AF19E-7812-4C1C-9B11-F1D923680A74}"
EndProject
Project("{2150E333-8FDC-42A3-9474-1A3956D46DE8}") = "_Dependencies", "_Dependencies", "{EAFA0BDA-76DC-49DC-9541-A79DE743ECCA}"
EndProject
Project("{9A19103F-16F7-4668-BE54-9A1E7A4F7556}") = "R5T.T0132", "..\..\R5T.T0132\source\R5T.T0132\R5T.T0132.csproj", "{AD39F246-300C-4546-9ABE-D6E9640F22E6}"
EndProject
Project("{9A19103F-16F7-4668-BE54-9A1E7A4F7556}") = "R5T.T0143", "..\..\R5T.T0143\source\R5T.T0143\R5T.T0143.csproj", "{81FA823C-C451-4B25-ABEA-5CA3268BD8B6}"
EndProject
Project("{9A19103F-16F7-4668-BE54-9A1E7A4F7556}") = "R5T.F0104.F001", "R5T.F0104.F001\R5T.F0104.F001.csproj", "{3AD80DF3-0AC3-41AC-9B27-FA0C9E36DA37}"
EndProject
Project("{9A19103F-16F7-4668-BE54-9A1E7A4F7556}") = "R5T.F0000", "..\..\R5T.F0000\source\R5T.F0000\R5T.F0000.csproj", "{5AE6DEEB-B1FF-48C9-978D-EAD7A40842C0}"
EndProject
Project("{9A19103F-16F7-4668-BE54-9A1E7A4F7556}") = "R5T.T0131", "..\..\R5T.T0131\source\R5T.T0131\R5T.T0131.csproj", "{499F723D-FA48-4990-B8CE-8E3792C1B0A9}"
EndProject
Project("{9A19103F-16F7-4668-BE54-9A1E7A4F7556}") = "R5T.T0142", "..\..\R5T.T0142\source\R5T.T0142\R5T.T0142.csproj", "{3DC22460-25C2-43C0-9783-0867DE0C5C58}"
EndProject
Project("{9A19103F-16F7-4668-BE54-9A1E7A4F7556}") = "R5T.T0156", "..\..\R5T.T0156\source\R5T.T0156\R5T.T0156.csproj", "{C8661A79-BE9D-43DE-BE1E-A9D272F95554}"
EndProject
Project("{9A19103F-16F7-4668-BE54-9A1E7A4F7556}") = "R5T.Y0000", "..\..\R5T.Y0000\source\R5T.Y0000\R5T.Y0000.csproj", "{0411B0CB-FBBA-4864-9CAE-8C2403ED0D09}"
EndProject
Project("{9A19103F-16F7-4668-BE54-9A1E7A4F7556}") = "R5T.Z0000", "..\..\R5T.Z0000\source\R5T.Z0000\R5T.Z0000.csproj", "{88F82AF5-6B22-4229-8BB7-CA6E4C30099F}"
EndProject
Project("{9A19103F-16F7-4668-BE54-9A1E7A4F7556}") = "R5T.Z0029", "..\..\R5T.Z0029\source\R5T.Z0029\R5T.Z0029.csproj", "{13EAEA8D-4192-41B5-9A49-4DCA510C580B}"
EndProject
Project("{9A19103F-16F7-4668-BE54-9A1E7A4F7556}") = "R5T.T0161", "..\..\R5T.T0161\source\R5T.T0161\R5T.T0161.csproj", "{D0008938-AA16-42E6-97A5-5DEA178ED885}"
EndProject
Project("{9A19103F-16F7-4668-BE54-9A1E7A4F7556}") = "R5T.F0104.F002", "R5T.F0104.F002\R5T.F0104.F002.csproj", "{EFB65F26-70C0-4368-A701-006DCDF1C459}"
EndProject
Project("{9A19103F-16F7-4668-BE54-9A1E7A4F7556}") = "R5T.T0150", "..\..\R5T.T0150\source\R5T.T0150\R5T.T0150.csproj", "{DF8637C3-A153-4545-AF68-A0B608B86C15}"
EndProject
Project("{9A19103F-16F7-4668-BE54-9A1E7A4F7556}") = "R5T.T0151", "..\..\R5T.T0151\source\R5T.T0151\R5T.T0151.csproj", "{3F101FAC-7685-46E7-80E6-3066E5A3739F}"
EndProject
Project("{9A19103F-16F7-4668-BE54-9A1E7A4F7556}") = "R5T.T0162", "..\..\R5T.T0162\source\R5T.T0162\R5T.T0162.csproj", "{59301860-F45F-4E84-9455-77E6AAB30DD3}"
EndProject
Global
	GlobalSection(SolutionConfigurationPlatforms) = preSolution
		Debug|Any CPU = Debug|Any CPU
		Release|Any CPU = Release|Any CPU
	EndGlobalSection
	GlobalSection(ProjectConfigurationPlatforms) = postSolution
		{05482AFD-6896-46DF-A1A2-C98E6CC69DA3}.Debug|Any CPU.ActiveCfg = Debug|Any CPU
		{05482AFD-6896-46DF-A1A2-C98E6CC69DA3}.Debug|Any CPU.Build.0 = Debug|Any CPU
		{05482AFD-6896-46DF-A1A2-C98E6CC69DA3}.Release|Any CPU.ActiveCfg = Release|Any CPU
		{05482AFD-6896-46DF-A1A2-C98E6CC69DA3}.Release|Any CPU.Build.0 = Release|Any CPU
		{7C6AF19E-7812-4C1C-9B11-F1D923680A74}.Debug|Any CPU.ActiveCfg = Debug|Any CPU
		{7C6AF19E-7812-4C1C-9B11-F1D923680A74}.Debug|Any CPU.Build.0 = Debug|Any CPU
		{7C6AF19E-7812-4C1C-9B11-F1D923680A74}.Release|Any CPU.ActiveCfg = Release|Any CPU
		{7C6AF19E-7812-4C1C-9B11-F1D923680A74}.Release|Any CPU.Build.0 = Release|Any CPU
		{AD39F246-300C-4546-9ABE-D6E9640F22E6}.Debug|Any CPU.ActiveCfg = Debug|Any CPU
		{AD39F246-300C-4546-9ABE-D6E9640F22E6}.Debug|Any CPU.Build.0 = Debug|Any CPU
		{AD39F246-300C-4546-9ABE-D6E9640F22E6}.Release|Any CPU.ActiveCfg = Release|Any CPU
		{AD39F246-300C-4546-9ABE-D6E9640F22E6}.Release|Any CPU.Build.0 = Release|Any CPU
		{81FA823C-C451-4B25-ABEA-5CA3268BD8B6}.Debug|Any CPU.ActiveCfg = Debug|Any CPU
		{81FA823C-C451-4B25-ABEA-5CA3268BD8B6}.Debug|Any CPU.Build.0 = Debug|Any CPU
		{81FA823C-C451-4B25-ABEA-5CA3268BD8B6}.Release|Any CPU.ActiveCfg = Release|Any CPU
		{81FA823C-C451-4B25-ABEA-5CA3268BD8B6}.Release|Any CPU.Build.0 = Release|Any CPU
		{3AD80DF3-0AC3-41AC-9B27-FA0C9E36DA37}.Debug|Any CPU.ActiveCfg = Debug|Any CPU
		{3AD80DF3-0AC3-41AC-9B27-FA0C9E36DA37}.Debug|Any CPU.Build.0 = Debug|Any CPU
		{3AD80DF3-0AC3-41AC-9B27-FA0C9E36DA37}.Release|Any CPU.ActiveCfg = Release|Any CPU
		{3AD80DF3-0AC3-41AC-9B27-FA0C9E36DA37}.Release|Any CPU.Build.0 = Release|Any CPU
		{5AE6DEEB-B1FF-48C9-978D-EAD7A40842C0}.Debug|Any CPU.ActiveCfg = Debug|Any CPU
		{5AE6DEEB-B1FF-48C9-978D-EAD7A40842C0}.Debug|Any CPU.Build.0 = Debug|Any CPU
		{5AE6DEEB-B1FF-48C9-978D-EAD7A40842C0}.Release|Any CPU.ActiveCfg = Release|Any CPU
		{5AE6DEEB-B1FF-48C9-978D-EAD7A40842C0}.Release|Any CPU.Build.0 = Release|Any CPU
		{499F723D-FA48-4990-B8CE-8E3792C1B0A9}.Debug|Any CPU.ActiveCfg = Debug|Any CPU
		{499F723D-FA48-4990-B8CE-8E3792C1B0A9}.Debug|Any CPU.Build.0 = Debug|Any CPU
		{499F723D-FA48-4990-B8CE-8E3792C1B0A9}.Release|Any CPU.ActiveCfg = Release|Any CPU
		{499F723D-FA48-4990-B8CE-8E3792C1B0A9}.Release|Any CPU.Build.0 = Release|Any CPU
		{3DC22460-25C2-43C0-9783-0867DE0C5C58}.Debug|Any CPU.ActiveCfg = Debug|Any CPU
		{3DC22460-25C2-43C0-9783-0867DE0C5C58}.Debug|Any CPU.Build.0 = Debug|Any CPU
		{3DC22460-25C2-43C0-9783-0867DE0C5C58}.Release|Any CPU.ActiveCfg = Release|Any CPU
		{3DC22460-25C2-43C0-9783-0867DE0C5C58}.Release|Any CPU.Build.0 = Release|Any CPU
		{C8661A79-BE9D-43DE-BE1E-A9D272F95554}.Debug|Any CPU.ActiveCfg = Debug|Any CPU
		{C8661A79-BE9D-43DE-BE1E-A9D272F95554}.Debug|Any CPU.Build.0 = Debug|Any CPU
		{C8661A79-BE9D-43DE-BE1E-A9D272F95554}.Release|Any CPU.ActiveCfg = Release|Any CPU
		{C8661A79-BE9D-43DE-BE1E-A9D272F95554}.Release|Any CPU.Build.0 = Release|Any CPU
		{0411B0CB-FBBA-4864-9CAE-8C2403ED0D09}.Debug|Any CPU.ActiveCfg = Debug|Any CPU
		{0411B0CB-FBBA-4864-9CAE-8C2403ED0D09}.Debug|Any CPU.Build.0 = Debug|Any CPU
		{0411B0CB-FBBA-4864-9CAE-8C2403ED0D09}.Release|Any CPU.ActiveCfg = Release|Any CPU
		{0411B0CB-FBBA-4864-9CAE-8C2403ED0D09}.Release|Any CPU.Build.0 = Release|Any CPU
		{88F82AF5-6B22-4229-8BB7-CA6E4C30099F}.Debug|Any CPU.ActiveCfg = Debug|Any CPU
		{88F82AF5-6B22-4229-8BB7-CA6E4C30099F}.Debug|Any CPU.Build.0 = Debug|Any CPU
		{88F82AF5-6B22-4229-8BB7-CA6E4C30099F}.Release|Any CPU.ActiveCfg = Release|Any CPU
		{88F82AF5-6B22-4229-8BB7-CA6E4C30099F}.Release|Any CPU.Build.0 = Release|Any CPU
		{13EAEA8D-4192-41B5-9A49-4DCA510C580B}.Debug|Any CPU.ActiveCfg = Debug|Any CPU
		{13EAEA8D-4192-41B5-9A49-4DCA510C580B}.Debug|Any CPU.Build.0 = Debug|Any CPU
		{13EAEA8D-4192-41B5-9A49-4DCA510C580B}.Release|Any CPU.ActiveCfg = Release|Any CPU
		{13EAEA8D-4192-41B5-9A49-4DCA510C580B}.Release|Any CPU.Build.0 = Release|Any CPU
		{D0008938-AA16-42E6-97A5-5DEA178ED885}.Debug|Any CPU.ActiveCfg = Debug|Any CPU
		{D0008938-AA16-42E6-97A5-5DEA178ED885}.Debug|Any CPU.Build.0 = Debug|Any CPU
		{D0008938-AA16-42E6-97A5-5DEA178ED885}.Release|Any CPU.ActiveCfg = Release|Any CPU
		{D0008938-AA16-42E6-97A5-5DEA178ED885}.Release|Any CPU.Build.0 = Release|Any CPU
		{EFB65F26-70C0-4368-A701-006DCDF1C459}.Debug|Any CPU.ActiveCfg = Debug|Any CPU
		{EFB65F26-70C0-4368-A701-006DCDF1C459}.Debug|Any CPU.Build.0 = Debug|Any CPU
		{EFB65F26-70C0-4368-A701-006DCDF1C459}.Release|Any CPU.ActiveCfg = Release|Any CPU
		{EFB65F26-70C0-4368-A701-006DCDF1C459}.Release|Any CPU.Build.0 = Release|Any CPU
		{DF8637C3-A153-4545-AF68-A0B608B86C15}.Debug|Any CPU.ActiveCfg = Debug|Any CPU
		{DF8637C3-A153-4545-AF68-A0B608B86C15}.Debug|Any CPU.Build.0 = Debug|Any CPU
		{DF8637C3-A153-4545-AF68-A0B608B86C15}.Release|Any CPU.ActiveCfg = Release|Any CPU
		{DF8637C3-A153-4545-AF68-A0B608B86C15}.Release|Any CPU.Build.0 = Release|Any CPU
		{3F101FAC-7685-46E7-80E6-3066E5A3739F}.Debug|Any CPU.ActiveCfg = Debug|Any CPU
		{3F101FAC-7685-46E7-80E6-3066E5A3739F}.Debug|Any CPU.Build.0 = Debug|Any CPU
		{3F101FAC-7685-46E7-80E6-3066E5A3739F}.Release|Any CPU.ActiveCfg = Release|Any CPU
		{3F101FAC-7685-46E7-80E6-3066E5A3739F}.Release|Any CPU.Build.0 = Release|Any CPU
		{59301860-F45F-4E84-9455-77E6AAB30DD3}.Debug|Any CPU.ActiveCfg = Debug|Any CPU
		{59301860-F45F-4E84-9455-77E6AAB30DD3}.Debug|Any CPU.Build.0 = Debug|Any CPU
		{59301860-F45F-4E84-9455-77E6AAB30DD3}.Release|Any CPU.ActiveCfg = Release|Any CPU
		{59301860-F45F-4E84-9455-77E6AAB30DD3}.Release|Any CPU.Build.0 = Release|Any CPU
	EndGlobalSection
	GlobalSection(SolutionProperties) = preSolution
		HideSolutionNode = FALSE
	EndGlobalSection
	GlobalSection(NestedProjects) = preSolution
		{AD39F246-300C-4546-9ABE-D6E9640F22E6} = {EAFA0BDA-76DC-49DC-9541-A79DE743ECCA}
		{81FA823C-C451-4B25-ABEA-5CA3268BD8B6} = {EAFA0BDA-76DC-49DC-9541-A79DE743ECCA}
		{5AE6DEEB-B1FF-48C9-978D-EAD7A40842C0} = {EAFA0BDA-76DC-49DC-9541-A79DE743ECCA}
		{499F723D-FA48-4990-B8CE-8E3792C1B0A9} = {EAFA0BDA-76DC-49DC-9541-A79DE743ECCA}
		{3DC22460-25C2-43C0-9783-0867DE0C5C58} = {EAFA0BDA-76DC-49DC-9541-A79DE743ECCA}
		{C8661A79-BE9D-43DE-BE1E-A9D272F95554} = {EAFA0BDA-76DC-49DC-9541-A79DE743ECCA}
		{0411B0CB-FBBA-4864-9CAE-8C2403ED0D09} = {EAFA0BDA-76DC-49DC-9541-A79DE743ECCA}
		{88F82AF5-6B22-4229-8BB7-CA6E4C30099F} = {EAFA0BDA-76DC-49DC-9541-A79DE743ECCA}
		{13EAEA8D-4192-41B5-9A49-4DCA510C580B} = {EAFA0BDA-76DC-49DC-9541-A79DE743ECCA}
		{D0008938-AA16-42E6-97A5-5DEA178ED885} = {EAFA0BDA-76DC-49DC-9541-A79DE743ECCA}
		{DF8637C3-A153-4545-AF68-A0B608B86C15} = {EAFA0BDA-76DC-49DC-9541-A79DE743ECCA}
		{3F101FAC-7685-46E7-80E6-3066E5A3739F} = {EAFA0BDA-76DC-49DC-9541-A79DE743ECCA}
		{59301860-F45F-4E84-9455-77E6AAB30DD3} = {EAFA0BDA-76DC-49DC-9541-A79DE743ECCA}
	EndGlobalSection
	GlobalSection(ExtensibilityGlobals) = postSolution
		SolutionGuid = {1EC7DFBC-A82D-4D8C-817B-0DACFF0697C5}
	EndGlobalSection
EndGlobal
